
Microsoft Visual Studio Solution File, Format Version 12.00
# Visual Studio Version 17
VisualStudioVersion = 17.14.36511.14 d17.14
MinimumVisualStudioVersion = 10.0.40219.1
Project("{FAE04EC0-301F-11D3-BF4B-00C04F79EFBC}") = "Bankszamla", "Bankszamla\Bankszamla.csproj", "{53A55A55-E272-4123-8CE6-2F792855AB22}"
EndProject
Global
	GlobalSection(SolutionConfigurationPlatforms) = preSolution
		Debug|Any CPU = Debug|Any CPU
		Release|Any CPU = Release|Any CPU
	EndGlobalSection
	GlobalSection(ProjectConfigurationPlatforms) = postSolution
		{53A55A55-E272-4123-8CE6-2F792855AB22}.Debug|Any CPU.ActiveCfg = Debug|Any CPU
		{53A55A55-E272-4123-8CE6-2F792855AB22}.Debug|Any CPU.Build.0 = Debug|Any CPU
		{53A55A55-E272-4123-8CE6-2F792855AB22}.Release|Any CPU.ActiveCfg = Release|Any CPU
		{53A55A55-E272-4123-8CE6-2F792855AB22}.Release|Any CPU.Build.0 = Release|Any CPU
	EndGlobalSection
	GlobalSection(SolutionProperties) = preSolution
		HideSolutionNode = FALSE
	EndGlobalSection
	GlobalSection(ExtensibilityGlobals) = postSolution
		SolutionGuid = {D355AAA8-7AA1-4FFB-ADF7-5D7A89151608}
	EndGlobalSection
EndGlobal
